
Microsoft Visual Studio Solution File, Format Version 12.00
# Visual Studio 15
VisualStudioVersion = 15.0.28307.539
MinimumVisualStudioVersion = 10.0.40219.1
Project("{8BC9CEB8-8B4A-11D0-8D11-00A0C91BC942}") = "OS_FileSystem", "OS_FileSystem\OS_FileSystem.vcxproj", "{E4F48D48-1DCE-4E51-80BA-1FA350B7FE22}"
EndProject
Global
	GlobalSection(SolutionConfigurationPlatforms) = preSolution
		Debug|x64 = Debug|x64
		Debug|x86 = Debug|x86
		Release|x64 = Release|x64
		Release|x86 = Release|x86
	EndGlobalSection
	GlobalSection(ProjectConfigurationPlatforms) = postSolution
		{E4F48D48-1DCE-4E51-80BA-1FA350B7FE22}.Debug|x64.ActiveCfg = Debug|x64
		{E4F48D48-1DCE-4E51-80BA-1FA350B7FE22}.Debug|x64.Build.0 = Debug|x64
		{E4F48D48-1DCE-4E51-80BA-1FA350B7FE22}.Debug|x86.ActiveCfg = Debug|Win32
		{E4F48D48-1DCE-4E51-80BA-1FA350B7FE22}.Debug|x86.Build.0 = Debug|Win32
		{E4F48D48-1DCE-4E51-80BA-1FA350B7FE22}.Release|x64.ActiveCfg = Release|x64
		{E4F48D48-1DCE-4E51-80BA-1FA350B7FE22}.Release|x64.Build.0 = Release|x64
		{E4F48D48-1DCE-4E51-80BA-1FA350B7FE22}.Release|x86.ActiveCfg = Release|Win32
		{E4F48D48-1DCE-4E51-80BA-1FA350B7FE22}.Release|x86.Build.0 = Release|Win32
	EndGlobalSection
	GlobalSection(SolutionProperties) = preSolution
		HideSolutionNode = FALSE
	EndGlobalSection
	GlobalSection(ExtensibilityGlobals) = postSolution
		SolutionGuid = {FFFDC857-2D1B-43D7-A1F7-0F455650F08F}
	EndGlobalSection
EndGlobal
